// !$*UTF8*$!
{
	archiveVersion = 1;
	classes = {
	};
	objectVersion = 50;
	objects = {

/* Begin PBXBuildFile section */
		90279B7E20A29EBB0024298E /* SetLocationViewController.swift in Sources */ = {isa = PBXBuildFile; fileRef = 90279B7D20A29EBB0024298E /* SetLocationViewController.swift */; };
		907D7EA520A124B40014636E /* GCDBlackBox.swift in Sources */ = {isa = PBXBuildFile; fileRef = 907D7EA420A124B40014636E /* GCDBlackBox.swift */; };
		908B5C2320A3976B00B682BE /* FinishLocationViewController.swift in Sources */ = {isa = PBXBuildFile; fileRef = 908B5C2220A3976B00B682BE /* FinishLocationViewController.swift */; };
		90AF03BE209BE1D700C7B76A /* OTMConvenience.swift in Sources */ = {isa = PBXBuildFile; fileRef = 90AF03BD209BE1D700C7B76A /* OTMConvenience.swift */; };
		90C0BD56209BAC3D00B3B693 /* AppDelegate.swift in Sources */ = {isa = PBXBuildFile; fileRef = 90C0BD55209BAC3D00B3B693 /* AppDelegate.swift */; };
		90C0BD58209BAC3D00B3B693 /* LoginViewController.swift in Sources */ = {isa = PBXBuildFile; fileRef = 90C0BD57209BAC3D00B3B693 /* LoginViewController.swift */; };
		90C0BD5B209BAC3D00B3B693 /* Main.storyboard in Resources */ = {isa = PBXBuildFile; fileRef = 90C0BD59209BAC3D00B3B693 /* Main.storyboard */; };
		90C0BD5D209BAC4000B3B693 /* Assets.xcassets in Resources */ = {isa = PBXBuildFile; fileRef = 90C0BD5C209BAC4000B3B693 /* Assets.xcassets */; };
		90C0BD60209BAC4000B3B693 /* LaunchScreen.storyboard in Resources */ = {isa = PBXBuildFile; fileRef = 90C0BD5E209BAC4000B3B693 /* LaunchScreen.storyboard */; };
		90C0BD6C209BBD6700B3B693 /* Constants.swift in Sources */ = {isa = PBXBuildFile; fileRef = 90C0BD6B209BBD6700B3B693 /* Constants.swift */; };
		90C0BD6E209BD69C00B3B693 /* MapViewController.swift in Sources */ = {isa = PBXBuildFile; fileRef = 90C0BD6D209BD69C00B3B693 /* MapViewController.swift */; };
		90FC8BE820A22FDE0088F48C /* OTMClient.swift in Sources */ = {isa = PBXBuildFile; fileRef = 90FC8BE720A22FDE0088F48C /* OTMClient.swift */; };
		90FC8BEB20A267070088F48C /* MapTableViewController.swift in Sources */ = {isa = PBXBuildFile; fileRef = 90FC8BEA20A267070088F48C /* MapTableViewController.swift */; };
/* End PBXBuildFile section */

/* Begin PBXFileReference section */
		90279B7D20A29EBB0024298E /* SetLocationViewController.swift */ = {isa = PBXFileReference; lastKnownFileType = sourcecode.swift; path = SetLocationViewController.swift; sourceTree = "<group>"; };
		907D7EA420A124B40014636E /* GCDBlackBox.swift */ = {isa = PBXFileReference; lastKnownFileType = sourcecode.swift; path = GCDBlackBox.swift; sourceTree = "<group>"; };
		908B5C2220A3976B00B682BE /* FinishLocationViewController.swift */ = {isa = PBXFileReference; lastKnownFileType = sourcecode.swift; path = FinishLocationViewController.swift; sourceTree = "<group>"; };
		90AF03BD209BE1D700C7B76A /* OTMConvenience.swift */ = {isa = PBXFileReference; lastKnownFileType = sourcecode.swift; path = OTMConvenience.swift; sourceTree = "<group>"; };
		90C0BD52209BAC3D00B3B693 /* OntheMap.app */ = {isa = PBXFileReference; explicitFileType = wrapper.application; includeInIndex = 0; path = OntheMap.app; sourceTree = BUILT_PRODUCTS_DIR; };
		90C0BD55209BAC3D00B3B693 /* AppDelegate.swift */ = {isa = PBXFileReference; lastKnownFileType = sourcecode.swift; path = AppDelegate.swift; sourceTree = "<group>"; };
		90C0BD57209BAC3D00B3B693 /* LoginViewController.swift */ = {isa = PBXFileReference; lastKnownFileType = sourcecode.swift; path = LoginViewController.swift; sourceTree = "<group>"; };
		90C0BD5A209BAC3D00B3B693 /* Base */ = {isa = PBXFileReference; lastKnownFileType = file.storyboard; name = Base; path = Base.lproj/Main.storyboard; sourceTree = "<group>"; };
		90C0BD5C209BAC4000B3B693 /* Assets.xcassets */ = {isa = PBXFileReference; lastKnownFileType = folder.assetcatalog; path = Assets.xcassets; sourceTree = "<group>"; };
		90C0BD5F209BAC4000B3B693 /* Base */ = {isa = PBXFileReference; lastKnownFileType = file.storyboard; name = Base; path = Base.lproj/LaunchScreen.storyboard; sourceTree = "<group>"; };
		90C0BD61209BAC4000B3B693 /* Info.plist */ = {isa = PBXFileReference; lastKnownFileType = text.plist.xml; path = Info.plist; sourceTree = "<group>"; };
		90C0BD6B209BBD6700B3B693 /* Constants.swift */ = {isa = PBXFileReference; lastKnownFileType = sourcecode.swift; path = Constants.swift; sourceTree = "<group>"; };
		90C0BD6D209BD69C00B3B693 /* MapViewController.swift */ = {isa = PBXFileReference; lastKnownFileType = sourcecode.swift; path = MapViewController.swift; sourceTree = "<group>"; };
		90FC8BE720A22FDE0088F48C /* OTMClient.swift */ = {isa = PBXFileReference; lastKnownFileType = sourcecode.swift; path = OTMClient.swift; sourceTree = "<group>"; };
		90FC8BEA20A267070088F48C /* MapTableViewController.swift */ = {isa = PBXFileReference; lastKnownFileType = sourcecode.swift; path = MapTableViewController.swift; sourceTree = "<group>"; };
/* End PBXFileReference section */

/* Begin PBXFrameworksBuildPhase section */
		90C0BD4F209BAC3D00B3B693 /* Frameworks */ = {
			isa = PBXFrameworksBuildPhase;
			buildActionMask = 2147483647;
			files = (
			);
			runOnlyForDeploymentPostprocessing = 0;
		};
/* End PBXFrameworksBuildPhase section */

/* Begin PBXGroup section */
		90C0BD49209BAC3D00B3B693 = {
			isa = PBXGroup;
			children = (
				90C0BD54209BAC3D00B3B693 /* OntheMap */,
				90C0BD53209BAC3D00B3B693 /* Products */,
			);
			sourceTree = "<group>";
		};
		90C0BD53209BAC3D00B3B693 /* Products */ = {
			isa = PBXGroup;
			children = (
				90C0BD52209BAC3D00B3B693 /* OntheMap.app */,
			);
			name = Products;
			sourceTree = "<group>";
		};
		90C0BD54209BAC3D00B3B693 /* OntheMap */ = {
			isa = PBXGroup;
			children = (
				90C0BD55209BAC3D00B3B693 /* AppDelegate.swift */,
				90FC8BE920A2312A0088F48C /* View */,
				90C0BD61209BAC4000B3B693 /* Info.plist */,
				90C0BD57209BAC3D00B3B693 /* LoginViewController.swift */,
				90C0BD6B209BBD6700B3B693 /* Constants.swift */,
				90C0BD6D209BD69C00B3B693 /* MapViewController.swift */,
				90AF03BD209BE1D700C7B76A /* OTMConvenience.swift */,
				907D7EA420A124B40014636E /* GCDBlackBox.swift */,
				90FC8BE720A22FDE0088F48C /* OTMClient.swift */,
				90FC8BEA20A267070088F48C /* MapTableViewController.swift */,
				90279B7D20A29EBB0024298E /* SetLocationViewController.swift */,
				908B5C2220A3976B00B682BE /* FinishLocationViewController.swift */,
			);
			path = OntheMap;
			sourceTree = "<group>";
		};
		90FC8BE920A2312A0088F48C /* View */ = {
			isa = PBXGroup;
			children = (
				90C0BD59209BAC3D00B3B693 /* Main.storyboard */,
				90C0BD5C209BAC4000B3B693 /* Assets.xcassets */,
				90C0BD5E209BAC4000B3B693 /* LaunchScreen.storyboard */,
			);
			path = View;
			sourceTree = "<group>";
		};
/* End PBXGroup section */

/* Begin PBXNativeTarget section */
		90C0BD51209BAC3D00B3B693 /* OntheMap */ = {
			isa = PBXNativeTarget;
			buildConfigurationList = 90C0BD64209BAC4000B3B693 /* Build configuration list for PBXNativeTarget "OntheMap" */;
			buildPhases = (
				90C0BD4E209BAC3D00B3B693 /* Sources */,
				90C0BD4F209BAC3D00B3B693 /* Frameworks */,
				90C0BD50209BAC3D00B3B693 /* Resources */,
			);
			buildRules = (
			);
			dependencies = (
			);
			name = OntheMap;
			productName = OntheMap;
			productReference = 90C0BD52209BAC3D00B3B693 /* OntheMap.app */;
			productType = "com.apple.product-type.application";
		};
/* End PBXNativeTarget section */

/* Begin PBXProject section */
		90C0BD4A209BAC3D00B3B693 /* Project object */ = {
			isa = PBXProject;
			attributes = {
				LastSwiftUpdateCheck = 0930;
				LastUpgradeCheck = 0930;
				ORGANIZATIONNAME = Udacity;
				TargetAttributes = {
					90C0BD51209BAC3D00B3B693 = {
						CreatedOnToolsVersion = 9.3;
					};
				};
			};
			buildConfigurationList = 90C0BD4D209BAC3D00B3B693 /* Build configuration list for PBXProject "OntheMap" */;
			compatibilityVersion = "Xcode 9.3";
			developmentRegion = en;
			hasScannedForEncodings = 0;
			knownRegions = (
				en,
				Base,
			);
			mainGroup = 90C0BD49209BAC3D00B3B693;
			productRefGroup = 90C0BD53209BAC3D00B3B693 /* Products */;
			projectDirPath = "";
			projectRoot = "";
			targets = (
				90C0BD51209BAC3D00B3B693 /* OntheMap */,
			);
		};
/* End PBXProject section */

/* Begin PBXResourcesBuildPhase section */
		90C0BD50209BAC3D00B3B693 /* Resources */ = {
			isa = PBXResourcesBuildPhase;
			buildActionMask = 2147483647;
			files = (
				90C0BD60209BAC4000B3B693 /* LaunchScreen.storyboard in Resources */,
				90C0BD5D209BAC4000B3B693 /* Assets.xcassets in Resources */,
				90C0BD5B209BAC3D00B3B693 /* Main.storyboard in Resources */,
			);
			runOnlyForDeploymentPostprocessing = 0;
		};
/* End PBXResourcesBuildPhase section */

/* Begin PBXSourcesBuildPhase section */
		90C0BD4E209BAC3D00B3B693 /* Sources */ = {
			isa = PBXSourcesBuildPhase;
			buildActionMask = 2147483647;
			files = (
				908B5C2320A3976B00B682BE /* FinishLocationViewController.swift in Sources */,
				90C0BD6C209BBD6700B3B693 /* Constants.swift in Sources */,
				90FC8BE820A22FDE0088F48C /* OTMClient.swift in Sources */,
				90C0BD58209BAC3D00B3B693 /* LoginViewController.swift in Sources */,
				90C0BD56209BAC3D00B3B693 /* AppDelegate.swift in Sources */,
				90C0BD6E209BD69C00B3B693 /* MapViewController.swift in Sources */,
				907D7EA520A124B40014636E /* GCDBlackBox.swift in Sources */,
				90AF03BE209BE1D700C7B76A /* OTMConvenience.swift in Sources */,
				90279B7E20A29EBB0024298E /* SetLocationViewController.swift in Sources */,
				90FC8BEB20A267070088F48C /* MapTableViewController.swift in Sources */,
			);
			runOnlyForDeploymentPostprocessing = 0;
		};
/* End PBXSourcesBuildPhase section */

/* Begin PBXVariantGroup section */
		90C0BD59209BAC3D00B3B693 /* Main.storyboard */ = {
			isa = PBXVariantGroup;
			children = (
				90C0BD5A209BAC3D00B3B693 /* Base */,
			);
			name = Main.storyboard;
			sourceTree = "<group>";
		};
		90C0BD5E209BAC4000B3B693 /* LaunchScreen.storyboard */ = {
			isa = PBXVariantGroup;
			children = (
				90C0BD5F209BAC4000B3B693 /* Base */,
			);
			name = LaunchScreen.storyboard;
			sourceTree = "<group>";
		};
/* End PBXVariantGroup section */

/* Begin XCBuildConfiguration section */
		90C0BD62209BAC4000B3B693 /* Debug */ = {
			isa = XCBuildConfiguration;
			buildSettings = {
				ALWAYS_SEARCH_USER_PATHS = NO;
				CLANG_ANALYZER_NONNULL = YES;
				CLANG_ANALYZER_NUMBER_OBJECT_CONVERSION = YES_AGGRESSIVE;
				CLANG_CXX_LANGUAGE_STANDARD = "gnu++14";
				CLANG_CXX_LIBRARY = "libc++";
				CLANG_ENABLE_MODULES = YES;
				CLANG_ENABLE_OBJC_ARC = YES;
				CLANG_ENABLE_OBJC_WEAK = YES;
				CLANG_WARN_BLOCK_CAPTURE_AUTORELEASING = YES;
				CLANG_WARN_BOOL_CONVERSION = YES;
				CLANG_WARN_COMMA = YES;
				CLANG_WARN_CONSTANT_CONVERSION = YES;
				CLANG_WARN_DEPRECATED_OBJC_IMPLEMENTATIONS = YES;
				CLANG_WARN_DIRECT_OBJC_ISA_USAGE = YES_ERROR;
				CLANG_WARN_DOCUMENTATION_COMMENTS = YES;
				CLANG_WARN_EMPTY_BODY = YES;
				CLANG_WARN_ENUM_CONVERSION = YES;
				CLANG_WARN_INFINITE_RECURSION = YES;
				CLANG_WARN_INT_CONVERSION = YES;
				CLANG_WARN_NON_LITERAL_NULL_CONVERSION = YES;
				CLANG_WARN_OBJC_IMPLICIT_RETAIN_SELF = YES;
				CLANG_WARN_OBJC_LITERAL_CONVERSION = YES;
				CLANG_WARN_OBJC_ROOT_CLASS = YES_ERROR;
				CLANG_WARN_RANGE_LOOP_ANALYSIS = YES;
				CLANG_WARN_STRICT_PROTOTYPES = YES;
				CLANG_WARN_SUSPICIOUS_MOVE = YES;
				CLANG_WARN_UNGUARDED_AVAILABILITY = YES_AGGRESSIVE;
				CLANG_WARN_UNREACHABLE_CODE = YES;
				CLANG_WARN__DUPLICATE_METHOD_MATCH = YES;
				CODE_SIGN_IDENTITY = "iPhone Developer";
				COPY_PHASE_STRIP = NO;
				DEBUG_INFORMATION_FORMAT = dwarf;
				ENABLE_STRICT_OBJC_MSGSEND = YES;
				ENABLE_TESTABILITY = YES;
				GCC_C_LANGUAGE_STANDARD = gnu11;
				GCC_DYNAMIC_NO_PIC = NO;
				GCC_NO_COMMON_BLOCKS = YES;
				GCC_OPTIMIZATION_LEVEL = 0;
				GCC_PREPROCESSOR_DEFINITIONS = (
					"DEBUG=1",
					"$(inherited)",
				);
				GCC_WARN_64_TO_32_BIT_CONVERSION = YES;
				GCC_WARN_ABOUT_RETURN_TYPE = YES_ERROR;
				GCC_WARN_UNDECLARED_SELECTOR = YES;
				GCC_WARN_UNINITIALIZED_AUTOS = YES_AGGRESSIVE;
				GCC_WARN_UNUSED_FUNCTION = YES;
				GCC_WARN_UNUSED_VARIABLE = YES;
				IPHONEOS_DEPLOYMENT_TARGET = 11.3;
				MTL_ENABLE_DEBUG_INFO = YES;
				ONLY_ACTIVE_ARCH = YES;
				SDKROOT = iphoneos;
				SWIFT_ACTIVE_COMPILATION_CONDITIONS = DEBUG;
				SWIFT_OPTIMIZATION_LEVEL = "-Onone";
			};
			name = Debug;
		};
		90C0BD63209BAC4000B3B693 /* Release */ = {
			isa = XCBuildConfiguration;
			buildSettings = {
				ALWAYS_SEARCH_USER_PATHS = NO;
				CLANG_ANALYZER_NONNULL = YES;
				CLANG_ANALYZER_NUMBER_OBJECT_CONVERSION = YES_AGGRESSIVE;
				CLANG_CXX_LANGUAGE_STANDARD = "gnu++14";
				CLANG_CXX_LIBRARY = "libc++";
				CLANG_ENABLE_MODULES = YES;
				CLANG_ENABLE_OBJC_ARC = YES;
				CLANG_ENABLE_OBJC_WEAK = YES;
				CLANG_WARN_BLOCK_CAPTURE_AUTORELEASING = YES;
				CLANG_WARN_BOOL_CONVERSION = YES;
				CLANG_WARN_COMMA = YES;
				CLANG_WARN_CONSTANT_CONVERSION = YES;
				CLANG_WARN_DEPRECATED_OBJC_IMPLEMENTATIONS = YES;
				CLANG_WARN_DIRECT_OBJC_ISA_USAGE = YES_ERROR;
				CLANG_WARN_DOCUMENTATION_COMMENTS = YES;
				CLANG_WARN_EMPTY_BODY = YES;
				CLANG_WARN_ENUM_CONVERSION = YES;
				CLANG_WARN_INFINITE_RECURSION = YES;
				CLANG_WARN_INT_CONVERSION = YES;
				CLANG_WARN_NON_LITERAL_NULL_CONVERSION = YES;
				CLANG_WARN_OBJC_IMPLICIT_RETAIN_SELF = YES;
				CLANG_WARN_OBJC_LITERAL_CONVERSION = YES;
				CLANG_WARN_OBJC_ROOT_CLASS = YES_ERROR;
				CLANG_WARN_RANGE_LOOP_ANALYSIS = YES;
				CLANG_WARN_STRICT_PROTOTYPES = YES;
				CLANG_WARN_SUSPICIOUS_MOVE = YES;
				CLANG_WARN_UNGUARDED_AVAILABILITY = YES_AGGRESSIVE;
				CLANG_WARN_UNREACHABLE_CODE = YES;
				CLANG_WARN__DUPLICATE_METHOD_MATCH = YES;
				CODE_SIGN_IDENTITY = "iPhone Developer";
				COPY_PHASE_STRIP = NO;
				DEBUG_INFORMATION_FORMAT = "dwarf-with-dsym";
				ENABLE_NS_ASSERTIONS = NO;
				ENABLE_STRICT_OBJC_MSGSEND = YES;
				GCC_C_LANGUAGE_STANDARD = gnu11;
				GCC_NO_COMMON_BLOCKS = YES;
				GCC_WARN_64_TO_32_BIT_CONVERSION = YES;
				GCC_WARN_ABOUT_RETURN_TYPE = YES_ERROR;
				GCC_WARN_UNDECLARED_SELECTOR = YES;
				GCC_WARN_UNINITIALIZED_AUTOS = YES_AGGRESSIVE;
				GCC_WARN_UNUSED_FUNCTION = YES;
				GCC_WARN_UNUSED_VARIABLE = YES;
				IPHONEOS_DEPLOYMENT_TARGET = 11.3;
				MTL_ENABLE_DEBUG_INFO = NO;
				SDKROOT = iphoneos;
				SWIFT_COMPILATION_MODE = wholemodule;
				SWIFT_OPTIMIZATION_LEVEL = "-O";
				VALIDATE_PRODUCT = YES;
			};
			name = Release;
		};
		90C0BD65209BAC4000B3B693 /* Debug */ = {
			isa = XCBuildConfiguration;
			buildSettings = {
				ASSETCATALOG_COMPILER_APPICON_NAME = AppIcon;
				CODE_SIGN_STYLE = Automatic;
				DEVELOPMENT_TEAM = TLC9XD328V;
				INFOPLIST_FILE = OntheMap/Info.plist;
				LD_RUNPATH_SEARCH_PATHS = (
					"$(inherited)",
					"@executable_path/Frameworks",
				);
				PRODUCT_BUNDLE_IDENTIFIER = com.bindu.OntheMap;
				PRODUCT_NAME = "$(TARGET_NAME)";
				SWIFT_VERSION = 4.0;
				TARGETED_DEVICE_FAMILY = "1,2";
			};
			name = Debug;
		};
		90C0BD66209BAC4000B3B693 /* Release */ = {
			isa = XCBuildConfiguration;
			buildSettings = {
				ASSETCATALOG_COMPILER_APPICON_NAME = AppIcon;
				CODE_SIGN_STYLE = Automatic;
				DEVELOPMENT_TEAM = TLC9XD328V;
				INFOPLIST_FILE = OntheMap/Info.plist;
				LD_RUNPATH_SEARCH_PATHS = (
					"$(inherited)",
					"@executable_path/Frameworks",
				);
				PRODUCT_BUNDLE_IDENTIFIER = com.bindu.OntheMap;
				PRODUCT_NAME = "$(TARGET_NAME)";
				SWIFT_VERSION = 4.0;
				TARGETED_DEVICE_FAMILY = "1,2";
			};
			name = Release;
		};
/* End XCBuildConfiguration section */

/* Begin XCConfigurationList section */
		90C0BD4D209BAC3D00B3B693 /* Build configuration list for PBXProject "OntheMap" */ = {
			isa = XCConfigurationList;
			buildConfigurations = (
				90C0BD62209BAC4000B3B693 /* Debug */,
				90C0BD63209BAC4000B3B693 /* Release */,
			);
			defaultConfigurationIsVisible = 0;
			defaultConfigurationName = Release;
		};
		90C0BD64209BAC4000B3B693 /* Build configuration list for PBXNativeTarget "OntheMap" */ = {
			isa = XCConfigurationList;
			buildConfigurations = (
				90C0BD65209BAC4000B3B693 /* Debug */,
				90C0BD66209BAC4000B3B693 /* Release */,
			);
			defaultConfigurationIsVisible = 0;
			defaultConfigurationName = Release;
		};
/* End XCConfigurationList section */
	};
	rootObject = 90C0BD4A209BAC3D00B3B693 /* Project object */;
}
